
Microsoft Visual Studio Solution File, Format Version 12.00
# Visual Studio Version 16
VisualStudioVersion = 16.0.34031.81
MinimumVisualStudioVersion = 10.0.40219.1
Project("{888888A0-9F3D-457C-B088-3A5042F75D52}") = "recursiva", "recursiva\recursiva.pyproj", "{8A02EEA8-8055-4266-8E4F-461034C27F05}"
EndProject
Global
	GlobalSection(SolutionConfigurationPlatforms) = preSolution
		Debug|Any CPU = Debug|Any CPU
		Release|Any CPU = Release|Any CPU
	EndGlobalSection
	GlobalSection(ProjectConfigurationPlatforms) = postSolution
		{8A02EEA8-8055-4266-8E4F-461034C27F05}.Debug|Any CPU.ActiveCfg = Debug|Any CPU
		{8A02EEA8-8055-4266-8E4F-461034C27F05}.Release|Any CPU.ActiveCfg = Release|Any CPU
	EndGlobalSection
	GlobalSection(SolutionProperties) = preSolution
		HideSolutionNode = FALSE
	EndGlobalSection
	GlobalSection(ExtensibilityGlobals) = postSolution
		SolutionGuid = {358B7372-6ED4-4365-BE69-CBC4ECD18D96}
	EndGlobalSection
EndGlobal
